{
    "_readme": [
        "This file locks the dependencies of your project to a known state",
        "Read more about it at https://getcomposer.org/doc/01-basic-usage.md#composer-lock-the-lock-file",
        "This file is @generated automatically"
    ],
    "hash": "da17fa6ca194e96aa05ec4358bd370ba",
    "packages": [
        {
            "name": "phpixie/bundle-framework",
            "version": "dev-master",
            "source": {
                "type": "git",
                "url": "https://github.com/PHPixie/Bundle-Framework.git",
                "reference": "8092f6d50ee31b70a14ec418fe5d9d1209afa3c3"
            },
            "dist": {
                "type": "zip",
                "url": "https://api.github.com/repos/PHPixie/Bundle-Framework/zipball/8092f6d50ee31b70a14ec418fe5d9d1209afa3c3",
                "reference": "8092f6d50ee31b70a14ec418fe5d9d1209afa3c3",
                "shasum": ""
            },
            "require": {
                "phpixie/bundles": "3.*@dev",
                "phpixie/config": "3.*@dev",
                "phpixie/database": "3.*@dev",
                "phpixie/debug": "3.*@dev",
                "phpixie/filesystem": "3.*@dev",
                "phpixie/framework": "3.*@dev",
                "phpixie/http": "3.*@dev",
                "phpixie/http-processors": "3.*@dev",
                "phpixie/orm": "3.*@dev",
                "phpixie/processors": "3.*@dev",
                "phpixie/route": "3.*@dev",
                "phpixie/slice": "3.*@dev",
                "phpixie/template": "3.*@dev",
                "psr/http-message": "1.*@dev"
            },
            "require-dev": {
                "phpixie/test": "3.*@dev"
            },
            "type": "library",
            "extra": {
                "branch-alias": {
                    "dev-master": "3.x-dev"
                }
            },
            "autoload": {
                "psr-4": {
                    "PHPixie\\": "src/PHPixie",
                    "PHPixie\\Tests\\": "tests/PHPixie/Tests"
                }
            },
            "notification-url": "https://packagist.org/downloads/",
            "license": [
                "BSD"
            ],
            "authors": [
                {
                    "name": "Roman Tsiupa",
                    "email": "draconyster@gmail.com",
                    "homepage": "http://dracony.org"
                }
            ],
            "description": "PHPixie Bundle Framework",
            "homepage": "http://phpixie.com",
            "keywords": [
                "framework"
            ],
            "time": "2015-07-07 16:08:43"
        },
        {
            "name": "phpixie/bundles",
            "version": "dev-master",
            "source": {
                "type": "git",
                "url": "https://github.com/PHPixie/Bundles.git",
                "reference": "1a063c4837a5466c3731a309974d7546e9f586c9"
            },
            "dist": {
                "type": "zip",
                "url": "https://api.github.com/repos/PHPixie/Bundles/zipball/1a063c4837a5466c3731a309974d7546e9f586c9",
                "reference": "1a063c4837a5466c3731a309974d7546e9f586c9",
                "shasum": ""
            },
            "require": {
                "phpixie/database": "3.*@dev",
                "phpixie/filesystem": "3.*@dev",
                "phpixie/http": "3.*@dev",
                "phpixie/orm": "3.*@dev",
                "phpixie/processors": "3.*@dev",
                "phpixie/route": "3.*@dev",
                "phpixie/slice": "3.*@dev",
                "psr/http-message": "1.0.*@dev"
            },
            "require-dev": {
                "phpixie/test": "3.*@dev"
            },
            "type": "library",
            "extra": {
                "branch-alias": {
                    "dev-master": "3.x-dev"
                }
            },
            "autoload": {
                "psr-4": {
                    "PHPixie\\": "src/PHPixie",
                    "PHPixie\\Tests\\": "tests/PHPixie/Tests"
                }
            },
            "notification-url": "https://packagist.org/downloads/",
            "license": [
                "BSD"
            ],
            "authors": [
                {
                    "name": "Roman Tsiupa",
                    "email": "draconyster@gmail.com",
                    "homepage": "http://dracony.org"
                }
            ],
            "description": "Bundle library for PHPixie",
            "homepage": "http://phpixie.com",
            "keywords": [
                "http",
                "psr-7"
            ],
            "time": "2015-07-07 16:21:01"
        },
        {
            "name": "phpixie/config",
            "version": "dev-master",
            "source": {
                "type": "git",
                "url": "https://github.com/PHPixie/Config.git",
                "reference": "87386ef0bbc7ce961826b23b195bb1b9e9b42f20"
            },
            "dist": {
                "type": "zip",
                "url": "https://api.github.com/repos/PHPixie/Config/zipball/87386ef0bbc7ce961826b23b195bb1b9e9b42f20",
                "reference": "87386ef0bbc7ce961826b23b195bb1b9e9b42f20",
                "shasum": ""
            },
            "require": {
                "phpixie/slice": "3.*@dev"
            },
            "require-dev": {
                "phpixie/test": "3.*@dev"
            },
            "type": "library",
            "extra": {
                "branch-alias": {
                    "dev-master": "3.x-dev"
                }
            },
            "autoload": {
                "psr-4": {
                    "PHPixie\\": "src/PHPixie",
                    "PHPixie\\Tests\\": "tests/PHPixie/Tests"
                }
            },
            "notification-url": "https://packagist.org/downloads/",
            "license": [
                "BSD"
            ],
            "authors": [
                {
                    "name": "Roman Tsiupa",
                    "email": "draconyster@gmail.com",
                    "homepage": "http://dracony.org"
                }
            ],
            "description": "PHPixie Configuration library",
            "homepage": "http://phpixie.com",
            "keywords": [
                "config",
                "configuration"
            ],
            "time": "2015-04-26 00:32:50"
        },
        {
            "name": "phpixie/database",
            "version": "dev-master",
            "source": {
                "type": "git",
                "url": "https://github.com/PHPixie/Database.git",
                "reference": "514bdbaec35a22281c70f71c5b50370a6e5434c3"
            },
            "dist": {
                "type": "zip",
                "url": "https://api.github.com/repos/PHPixie/Database/zipball/514bdbaec35a22281c70f71c5b50370a6e5434c3",
                "reference": "514bdbaec35a22281c70f71c5b50370a6e5434c3",
                "shasum": ""
            },
            "require": {
                "phpixie/slice": "3.*@dev"
            },
            "require-dev": {
                "phpixie/test": "3.*@dev"
            },
            "type": "library",
            "extra": {
                "branch-alias": {
                    "dev-master": "3.x-dev"
                }
            },
            "autoload": {
                "psr-4": {
                    "PHPixie\\": "src/PHPixie",
                    "PHPixie\\Tests\\": "tests/PHPixie/Tests"
                }
            },
            "notification-url": "https://packagist.org/downloads/",
            "license": [
                "BSD"
            ],
            "authors": [
                {
                    "name": "Roman Tsiupa",
                    "email": "draconyster@gmail.com",
                    "homepage": "http://dracony.org"
                }
            ],
            "description": "PHPixie Database library",
            "homepage": "http://phpixie.com",
            "keywords": [
                "database",
                "mysql",
                "postgresql",
                "sqlite"
            ],
            "time": "2015-03-15 22:04:35"
        },
        {
            "name": "phpixie/debug",
            "version": "dev-master",
            "source": {
                "type": "git",
                "url": "https://github.com/PHPixie/Debug.git",
                "reference": "6d44fc346e1041fca3d599de79f791cd58de49fa"
            },
            "dist": {
                "type": "zip",
                "url": "https://api.github.com/repos/PHPixie/Debug/zipball/6d44fc346e1041fca3d599de79f791cd58de49fa",
                "reference": "6d44fc346e1041fca3d599de79f791cd58de49fa",
                "shasum": ""
            },
            "require-dev": {
                "phpixie/test": "3.*@dev"
            },
            "type": "library",
            "extra": {
                "branch-alias": {
                    "dev-master": "3.x-dev"
                }
            },
            "autoload": {
                "psr-4": {
                    "PHPixie\\": "src/PHPixie",
                    "PHPixie\\Tests\\": "tests/PHPixie/Tests"
                }
            },
            "notification-url": "https://packagist.org/downloads/",
            "license": [
                "BSD"
            ],
            "authors": [
                {
                    "name": "Roman Tsiupa",
                    "email": "draconyster@gmail.com",
                    "homepage": "http://dracony.org"
                }
            ],
            "description": "Debugging library for PHPixie with support for logging and tracing",
            "homepage": "http://phpixie.com",
            "keywords": [
                "debug",
                "dump",
                "log",
                "trace"
            ],
            "time": "2015-05-10 10:48:46"
        },
        {
            "name": "phpixie/default-bundle",
            "version": "dev-master",
            "source": {
                "type": "git",
                "url": "https://github.com/PHPixie/Default-Bundle.git",
                "reference": "93c2f1320a94fca49736158c13199d7cad1fdfaa"
            },
            "dist": {
                "type": "zip",
                "url": "https://api.github.com/repos/PHPixie/Default-Bundle/zipball/93c2f1320a94fca49736158c13199d7cad1fdfaa",
                "reference": "93c2f1320a94fca49736158c13199d7cad1fdfaa",
                "shasum": ""
            },
            "require": {
                "phpixie/bundle-framework": "3.*@dev",
                "phpixie/bundles": "3.*@dev",
                "phpixie/config": "3.*@dev",
                "phpixie/database": "3.*@dev",
                "phpixie/debug": "3.*@dev",
                "phpixie/filesystem": "3.*@dev",
                "phpixie/framework": "3.*@dev",
                "phpixie/http": "3.*@dev",
                "phpixie/http-processors": "3.*@dev",
                "phpixie/orm": "3.*@dev",
                "phpixie/processors": "3.*@dev",
                "phpixie/route": "3.*@dev",
                "phpixie/slice": "3.*@dev",
                "phpixie/template": "3.*@dev",
                "psr/http-message": "1.0.*@dev"
            },
            "require-dev": {
                "phpixie/test": "3.*@dev"
            },
            "type": "library",
            "extra": {
                "branch-alias": {
                    "dev-master": "3.x-dev"
                }
            },
            "autoload": {
                "psr-4": {
                    "PHPixie\\": "src/PHPixie",
                    "PHPixie\\Tests\\": "tests/PHPixie/Tests"
                }
            },
            "notification-url": "https://packagist.org/downloads/",
            "license": [
                "BSD"
            ],
            "authors": [
                {
                    "name": "Roman Tsiupa",
                    "email": "draconyster@gmail.com",
                    "homepage": "http://dracony.org"
                }
            ],
            "description": "Bundle library for PHPixie",
            "homepage": "http://phpixie.com",
            "keywords": [
                "http",
                "psr-7"
            ],
            "time": "2015-07-05 18:58:59"
        },
        {
            "name": "phpixie/filesystem",
            "version": "dev-master",
            "source": {
                "type": "git",
                "url": "https://github.com/PHPixie/Filesystem.git",
                "reference": "4bf8ef5c5690bb30a5554226df44545a82d736b1"
            },
            "dist": {
                "type": "zip",
                "url": "https://api.github.com/repos/PHPixie/Filesystem/zipball/4bf8ef5c5690bb30a5554226df44545a82d736b1",
                "reference": "4bf8ef5c5690bb30a5554226df44545a82d736b1",
                "shasum": ""
            },
            "require": {
                "phpixie/slice": "3.*@dev"
            },
            "require-dev": {
                "phpixie/test": "3.*@dev"
            },
            "type": "library",
            "extra": {
                "branch-alias": {
                    "dev-master": "3.x-dev"
                }
            },
            "autoload": {
                "psr-4": {
                    "PHPixie\\": "src/PHPixie",
                    "PHPixie\\Tests\\": "tests/PHPixie/Tests"
                }
            },
            "notification-url": "https://packagist.org/downloads/",
            "license": [
                "BSD"
            ],
            "authors": [
                {
                    "name": "Roman Tsiupa",
                    "email": "draconyster@gmail.com",
                    "homepage": "http://dracony.org"
                }
            ],
            "description": "Filesystem wrappers for PHPixie",
            "homepage": "http://phpixie.com",
            "keywords": [
                "file",
                "filesystem"
            ],
            "time": "2015-06-05 15:23:54"
        },
        {
            "name": "phpixie/framework",
            "version": "dev-master",
            "source": {
                "type": "git",
                "url": "https://github.com/PHPixie/Framework.git",
                "reference": "af45ef23d7edaf0fb3c95d68f96ffa6e2b71754d"
            },
            "dist": {
                "type": "zip",
                "url": "https://api.github.com/repos/PHPixie/Framework/zipball/af45ef23d7edaf0fb3c95d68f96ffa6e2b71754d",
                "reference": "af45ef23d7edaf0fb3c95d68f96ffa6e2b71754d",
                "shasum": ""
            },
            "require": {
                "phpixie/config": "3.*@dev",
                "phpixie/database": "3.*@dev",
                "phpixie/debug": "3.*@dev",
                "phpixie/filesystem": "3.*@dev",
                "phpixie/http": "3.*@dev",
                "phpixie/http-processors": "3.*@dev",
                "phpixie/orm": "3.*@dev",
                "phpixie/processors": "3.*@dev",
                "phpixie/route": "3.*@dev",
                "phpixie/slice": "3.*@dev",
                "phpixie/template": "3.*@dev",
                "psr/http-message": "1.*@dev"
            },
            "require-dev": {
                "phpixie/test": "3.*@dev"
            },
            "type": "library",
            "extra": {
                "branch-alias": {
                    "dev-master": "3.x-dev"
                }
            },
            "autoload": {
                "psr-4": {
                    "PHPixie\\": "src/PHPixie",
                    "PHPixie\\Tests\\": "tests/PHPixie/Tests"
                }
            },
            "notification-url": "https://packagist.org/downloads/",
            "license": [
                "BSD"
            ],
            "authors": [
                {
                    "name": "Roman Tsiupa",
                    "email": "draconyster@gmail.com",
                    "homepage": "http://dracony.org"
                }
            ],
            "description": "PHPixie Framework",
            "homepage": "http://phpixie.com",
            "keywords": [
                "processors"
            ],
            "time": "2015-07-07 16:08:01"
        },
        {
            "name": "phpixie/http",
            "version": "dev-master",
            "source": {
                "type": "git",
                "url": "https://github.com/PHPixie/HTTP.git",
                "reference": "b2696997b385eef9c2333a749e325e76d51bd970"
            },
            "dist": {
                "type": "zip",
                "url": "https://api.github.com/repos/PHPixie/HTTP/zipball/b2696997b385eef9c2333a749e325e76d51bd970",
                "reference": "b2696997b385eef9c2333a749e325e76d51bd970",
                "shasum": ""
            },
            "require": {
                "phpixie/slice": "3.*@dev",
                "psr/http-message": "1.0.*@dev"
            },
            "require-dev": {
                "phpixie/test": "3.*@dev"
            },
            "type": "library",
            "extra": {
                "branch-alias": {
                    "dev-master": "3.x-dev"
                }
            },
            "autoload": {
                "psr-4": {
                    "PHPixie\\": "src/PHPixie",
                    "PHPixie\\Tests\\": "tests/PHPixie/Tests"
                }
            },
            "notification-url": "https://packagist.org/downloads/",
            "license": [
                "BSD"
            ],
            "authors": [
                {
                    "name": "Roman Tsiupa",
                    "email": "draconyster@gmail.com",
                    "homepage": "http://dracony.org"
                }
            ],
            "description": "HTTP library for PHPixie, implements the PSR-7 standard",
            "homepage": "http://phpixie.com",
            "keywords": [
                "http",
                "psr-7"
            ],
            "time": "2015-06-24 16:01:18"
        },
        {
            "name": "phpixie/http-processors",
            "version": "dev-master",
            "source": {
                "type": "git",
                "url": "https://github.com/PHPixie/HTTP-Processors.git",
                "reference": "0a7ed23ee1957a5f5d8de8861f87acc0dee3db89"
            },
            "dist": {
                "type": "zip",
                "url": "https://api.github.com/repos/PHPixie/HTTP-Processors/zipball/0a7ed23ee1957a5f5d8de8861f87acc0dee3db89",
                "reference": "0a7ed23ee1957a5f5d8de8861f87acc0dee3db89",
                "shasum": ""
            },
            "require": {
                "phpixie/http": "3.*@dev",
                "phpixie/processors": "3.*@dev",
                "phpixie/slice": "3.*@dev",
                "psr/http-message": "1.*@dev"
            },
            "require-dev": {
                "phpixie/test": "3.*@dev"
            },
            "type": "library",
            "extra": {
                "branch-alias": {
                    "dev-master": "3.x-dev"
                }
            },
            "autoload": {
                "psr-4": {
                    "PHPixie\\": "src/PHPixie",
                    "PHPixie\\Tests\\": "tests/PHPixie/Tests"
                }
            },
            "notification-url": "https://packagist.org/downloads/",
            "license": [
                "BSD"
            ],
            "authors": [
                {
                    "name": "Roman Tsiupa",
                    "email": "draconyster@gmail.com",
                    "homepage": "http://dracony.org"
                }
            ],
            "description": "Processors library for PHPixie",
            "homepage": "http://phpixie.com",
            "keywords": [
                "processors"
            ],
            "time": "2015-07-01 11:37:00"
        },
        {
            "name": "phpixie/orm",
            "version": "dev-master",
            "source": {
                "type": "git",
                "url": "https://github.com/PHPixie/ORM.git",
                "reference": "5e8fa70c16800773bae066246d27e68f304add76"
            },
            "dist": {
                "type": "zip",
                "url": "https://api.github.com/repos/PHPixie/ORM/zipball/5e8fa70c16800773bae066246d27e68f304add76",
                "reference": "5e8fa70c16800773bae066246d27e68f304add76",
                "shasum": ""
            },
            "require": {
                "phpixie/database": "3.*@dev",
                "phpixie/slice": "3.*@dev"
            },
            "require-dev": {
                "phpixie/test": "3.*@dev"
            },
            "type": "library",
            "extra": {
                "branch-alias": {
                    "dev-master": "3.x-dev"
                }
            },
            "autoload": {
                "psr-4": {
                    "PHPixie\\": "src/PHPixie",
                    "PHPixie\\Tests\\": "tests/PHPixie/Tests"
                }
            },
            "notification-url": "https://packagist.org/downloads/",
            "license": [
                "BSD"
            ],
            "authors": [
                {
                    "name": "Roman Tsiupa",
                    "email": "draconyster@gmail.com",
                    "homepage": "http://dracony.org"
                }
            ],
            "description": "ORM library for PHPixie",
            "homepage": "http://phpixie.com",
            "keywords": [
                "database",
                "orm"
            ],
            "time": "2015-06-12 15:15:33"
        },
        {
            "name": "phpixie/processors",
            "version": "dev-master",
            "source": {
                "type": "git",
                "url": "https://github.com/PHPixie/Processors.git",
                "reference": "2aa1be44ac034f38b959d307d4e32f8dcb736601"
            },
            "dist": {
                "type": "zip",
                "url": "https://api.github.com/repos/PHPixie/Processors/zipball/2aa1be44ac034f38b959d307d4e32f8dcb736601",
                "reference": "2aa1be44ac034f38b959d307d4e32f8dcb736601",
                "shasum": ""
            },
            "require-dev": {
                "phpixie/test": "3.*@dev"
            },
            "type": "library",
            "extra": {
                "branch-alias": {
                    "dev-master": "3.x-dev"
                }
            },
            "autoload": {
                "psr-4": {
                    "PHPixie\\": "src/PHPixie",
                    "PHPixie\\Tests\\": "tests/PHPixie/Tests"
                }
            },
            "notification-url": "https://packagist.org/downloads/",
            "license": [
                "BSD"
            ],
            "authors": [
                {
                    "name": "Roman Tsiupa",
                    "email": "draconyster@gmail.com",
                    "homepage": "http://dracony.org"
                }
            ],
            "description": "Processors library for PHPixie",
            "homepage": "http://phpixie.com",
            "keywords": [
                "Chain",
                "processors"
            ],
            "time": "2015-06-30 11:38:39"
        },
        {
            "name": "phpixie/route",
            "version": "dev-master",
            "source": {
                "type": "git",
                "url": "https://github.com/PHPixie/Route.git",
                "reference": "6f64c58d02789e67d4aa81b6be434934e3394b83"
            },
            "dist": {
                "type": "zip",
                "url": "https://api.github.com/repos/PHPixie/Route/zipball/6f64c58d02789e67d4aa81b6be434934e3394b83",
                "reference": "6f64c58d02789e67d4aa81b6be434934e3394b83",
                "shasum": ""
            },
            "require": {
                "phpixie/http": "3.*@dev",
                "phpixie/slice": "3.*@dev",
                "psr/http-message": "1.*@dev"
            },
            "require-dev": {
                "phpixie/test": "3.*@dev"
            },
            "type": "library",
            "extra": {
                "branch-alias": {
                    "dev-master": "3.x-dev"
                }
            },
            "autoload": {
                "psr-4": {
                    "PHPixie\\": "src/PHPixie",
                    "PHPixie\\Tests\\": "tests/PHPixie/Tests"
                }
            },
            "notification-url": "https://packagist.org/downloads/",
            "license": [
                "BSD"
            ],
            "authors": [
                {
                    "name": "Roman Tsiupa",
                    "email": "draconyster@gmail.com",
                    "homepage": "http://dracony.org"
                }
            ],
            "description": "Routing library for PHPixie",
            "homepage": "http://phpixie.com",
            "keywords": [
                "route",
                "router",
                "routing"
            ],
            "time": "2015-06-05 15:29:19"
        },
        {
            "name": "phpixie/slice",
            "version": "dev-master",
            "source": {
                "type": "git",
                "url": "https://github.com/PHPixie/Slice.git",
                "reference": "ab9d4b4eaac1f948ebb93a71849dbfe44cbea1f6"
            },
            "dist": {
                "type": "zip",
                "url": "https://api.github.com/repos/PHPixie/Slice/zipball/ab9d4b4eaac1f948ebb93a71849dbfe44cbea1f6",
                "reference": "ab9d4b4eaac1f948ebb93a71849dbfe44cbea1f6",
                "shasum": ""
            },
            "require-dev": {
                "phpixie/test": "3.*@dev"
            },
            "type": "library",
            "extra": {
                "branch-alias": {
                    "dev-master": "3.x-dev"
                }
            },
            "autoload": {
                "psr-4": {
                    "PHPixie\\": "src/PHPixie",
                    "PHPixie\\Tests\\": "tests/PHPixie/Tests"
                }
            },
            "notification-url": "https://packagist.org/downloads/",
            "license": [
                "BSD"
            ],
            "authors": [
                {
                    "name": "Roman Tsiupa",
                    "email": "draconyster@gmail.com",
                    "homepage": "http://dracony.org"
                }
            ],
            "description": "Slice library for PHPixie",
            "homepage": "http://phpixie.com",
            "keywords": [
                "array",
                "data",
                "parameters"
            ],
            "time": "2015-04-19 00:49:02"
        },
        {
            "name": "phpixie/template",
            "version": "dev-master",
            "source": {
                "type": "git",
                "url": "https://github.com/PHPixie/Template.git",
                "reference": "a8db854c8ecff3ed7d65c932c0473b5bd914a757"
            },
            "dist": {
                "type": "zip",
                "url": "https://api.github.com/repos/PHPixie/Template/zipball/a8db854c8ecff3ed7d65c932c0473b5bd914a757",
                "reference": "a8db854c8ecff3ed7d65c932c0473b5bd914a757",
                "shasum": ""
            },
            "require": {
                "phpixie/filesystem": "3.*@dev",
                "phpixie/slice": "3.*@dev"
            },
            "require-dev": {
                "phpixie/test": "3.*@dev"
            },
            "type": "library",
            "extra": {
                "branch-alias": {
                    "dev-master": "3.x-dev"
                }
            },
            "autoload": {
                "psr-4": {
                    "PHPixie\\": "src/PHPixie",
                    "PHPixie\\Tests\\": "tests/PHPixie/Tests"
                }
            },
            "notification-url": "https://packagist.org/downloads/",
            "license": [
                "BSD"
            ],
            "authors": [
                {
                    "name": "Roman Tsiupa",
                    "email": "draconyster@gmail.com",
                    "homepage": "http://dracony.org"
                }
            ],
            "description": "Templating library for PHPixie",
            "homepage": "http://phpixie.com",
            "keywords": [
                "template",
                "templating"
            ],
            "time": "2015-07-02 20:31:04"
        },
        {
            "name": "psr/http-message",
            "version": "dev-master",
            "source": {
                "type": "git",
                "url": "https://github.com/php-fig/http-message.git",
                "reference": "85d63699f0dbedb190bbd4b0d2b9dc707ea4c298"
            },
            "dist": {
                "type": "zip",
                "url": "https://api.github.com/repos/php-fig/http-message/zipball/85d63699f0dbedb190bbd4b0d2b9dc707ea4c298",
                "reference": "85d63699f0dbedb190bbd4b0d2b9dc707ea4c298",
                "shasum": ""
            },
            "require": {
                "php": ">=5.3.0"
            },
            "type": "library",
            "extra": {
                "branch-alias": {
                    "dev-master": "1.0.x-dev"
                }
            },
            "autoload": {
                "psr-4": {
                    "Psr\\Http\\Message\\": "src/"
                }
            },
            "notification-url": "https://packagist.org/downloads/",
            "license": [
                "MIT"
            ],
            "authors": [
                {
                    "name": "PHP-FIG",
                    "homepage": "http://www.php-fig.org/"
                }
            ],
            "description": "Common interface for HTTP messages",
            "keywords": [
                "http",
                "http-message",
                "psr",
                "psr-7",
                "request",
                "response"
            ],
            "time": "2015-05-04 20:22:00"
        }
    ],
    "packages-dev": [
        {
            "name": "phpixie/test",
            "version": "dev-master",
            "source": {
                "type": "git",
                "url": "https://github.com/PHPixie/Test.git",
                "reference": "9663d651392185ace889fef15e7809a7bd302348"
            },
            "dist": {
                "type": "zip",
                "url": "https://api.github.com/repos/PHPixie/Test/zipball/9663d651392185ace889fef15e7809a7bd302348",
                "reference": "9663d651392185ace889fef15e7809a7bd302348",
                "shasum": ""
            },
            "type": "library",
            "extra": {
                "branch-alias": {
                    "dev-master": "3.x-dev"
                }
            },
            "autoload": {
                "psr-0": {
                    "PHPixie": "src/"
                }
            },
            "notification-url": "https://packagist.org/downloads/",
            "license": [
                "BSD"
            ],
            "authors": [
                {
                    "name": "Roman Tsiupa",
                    "email": "draconyster@gmail.com",
                    "homepage": "http://dracony.org"
                }
            ],
            "description": "Testing library for PHPixie",
            "homepage": "http://phpixie.com",
            "keywords": [
                "phpunit",
                "test"
            ],
            "time": "2015-03-09 13:46:41"
        }
    ],
    "aliases": [],
    "minimum-stability": "stable",
    "stability-flags": {
        "phpixie/default-bundle": 20,
        "phpixie/bundle-framework": 20,
        "phpixie/bundles": 20,
        "phpixie/framework": 20,
        "phpixie/debug": 20,
        "phpixie/route": 20,
        "phpixie/template": 20,
        "phpixie/filesystem": 20,
        "phpixie/database": 20,
        "phpixie/config": 20,
        "phpixie/orm": 20,
        "phpixie/slice": 20,
        "phpixie/processors": 20,
        "phpixie/http": 20,
        "psr/http-message": 20,
        "phpixie/http-processors": 20,
        "phpixie/test": 20
    },
    "prefer-stable": false,
    "prefer-lowest": false,
    "platform": [],
    "platform-dev": []
}
